
Microsoft Visual Studio Solution File, Format Version 12.00
# Visual Studio 2013
VisualStudioVersion = 12.0.40629.0
MinimumVisualStudioVersion = 10.0.40219.1
Project("{FAE04EC0-301F-11D3-BF4B-00C04F79EFBC}") = "SLB.WellMaps.Droid", "SLB.WellMaps\SLB.WellMaps.Droid\SLB.WellMaps.Droid.csproj", "{55ACB0D4-113A-4F71-A1A4-270D0BA8AC93}"
EndProject
Project("{FAE04EC0-301F-11D3-BF4B-00C04F79EFBC}") = "SLB.WellMaps.iOS", "SLB.WellMaps\SLB.WellMaps.iOS\SLB.WellMaps.iOS.csproj", "{8B0A701B-BC8C-47D6-ADB4-D3BB45AFF9B5}"
EndProject
Project("{FAE04EC0-301F-11D3-BF4B-00C04F79EFBC}") = "SLB.WellMaps", "SLB.WellMaps\SLB.WellMaps\SLB.WellMaps.csproj", "{B6D21815-9B03-45C4-9836-9B5FE23A32B9}"
EndProject
Project("{FAE04EC0-301F-11D3-BF4B-00C04F79EFBC}") = "SLB.WellMaps.Win8Phone", "SLB.WellMaps\SLB.WellMaps.Win8Phone\SLB.WellMaps.Win8Phone.csproj", "{B793D64E-08D2-4D83-8B26-AB6D9CD2B78E}"
EndProject
Project("{FAE04EC0-301F-11D3-BF4B-00C04F79EFBC}") = "SLB.WellMaps.WinPhoneSilverlight", "SLB.WellMaps\SLB.WellMaps.WinPhoneSilverlight\SLB.WellMaps.WinPhoneSilverlight.csproj", "{5CCA3023-0ACA-48D2-A230-87A28357642B}"
EndProject
Global
	GlobalSection(TeamFoundationVersionControl) = preSolution
		SccNumberOfProjects = 6
		SccEnterpriseProvider = {4CA58AB2-18FA-4F8D-95D4-32DDF27D184C}
		SccTeamFoundationServer = https://andung07.visualstudio.com/
		SccLocalPath0 = .
		SccProjectUniqueName1 = SLB.WellMaps\\SLB.WellMaps.Droid\\SLB.WellMaps.Droid.csproj
		SccProjectName1 = SLB.WellMaps/SLB.WellMaps.Droid
		SccLocalPath1 = SLB.WellMaps\\SLB.WellMaps.Droid
		SccProjectUniqueName2 = SLB.WellMaps\\SLB.WellMaps.iOS\\SLB.WellMaps.iOS.csproj
		SccProjectName2 = SLB.WellMaps/SLB.WellMaps.iOS
		SccLocalPath2 = SLB.WellMaps\\SLB.WellMaps.iOS
		SccProjectUniqueName3 = SLB.WellMaps\\SLB.WellMaps.Win8Phone\\SLB.WellMaps.Win8Phone.csproj
		SccProjectName3 = SLB.WellMaps/SLB.WellMaps.Win8Phone
		SccLocalPath3 = SLB.WellMaps\\SLB.WellMaps.Win8Phone
		SccProjectUniqueName4 = SLB.WellMaps\\SLB.WellMaps.WinPhoneSilverlight\\SLB.WellMaps.WinPhoneSilverlight.csproj
		SccProjectName4 = SLB.WellMaps/SLB.WellMaps.WinPhoneSilverlight
		SccLocalPath4 = SLB.WellMaps\\SLB.WellMaps.WinPhoneSilverlight
		SccProjectUniqueName5 = SLB.WellMaps\\SLB.WellMaps\\SLB.WellMaps.csproj
		SccProjectName5 = SLB.WellMaps/SLB.WellMaps
		SccLocalPath5 = SLB.WellMaps\\SLB.WellMaps
	EndGlobalSection
	GlobalSection(SolutionConfigurationPlatforms) = preSolution
		Ad-Hoc|Any CPU = Ad-Hoc|Any CPU
		Ad-Hoc|ARM = Ad-Hoc|ARM
		Ad-Hoc|iPhone = Ad-Hoc|iPhone
		Ad-Hoc|iPhoneSimulator = Ad-Hoc|iPhoneSimulator
		Ad-Hoc|Mixed Platforms = Ad-Hoc|Mixed Platforms
		Ad-Hoc|x64 = Ad-Hoc|x64
		Ad-Hoc|x86 = Ad-Hoc|x86
		AppStore|Any CPU = AppStore|Any CPU
		AppStore|ARM = AppStore|ARM
		AppStore|iPhone = AppStore|iPhone
		AppStore|iPhoneSimulator = AppStore|iPhoneSimulator
		AppStore|Mixed Platforms = AppStore|Mixed Platforms
		AppStore|x64 = AppStore|x64
		AppStore|x86 = AppStore|x86
		Debug|Any CPU = Debug|Any CPU
		Debug|ARM = Debug|ARM
		Debug|iPhone = Debug|iPhone
		Debug|iPhoneSimulator = Debug|iPhoneSimulator
		Debug|Mixed Platforms = Debug|Mixed Platforms
		Debug|x64 = Debug|x64
		Debug|x86 = Debug|x86
		Release|Any CPU = Release|Any CPU
		Release|ARM = Release|ARM
		Release|iPhone = Release|iPhone
		Release|iPhoneSimulator = Release|iPhoneSimulator
		Release|Mixed Platforms = Release|Mixed Platforms
		Release|x64 = Release|x64
		Release|x86 = Release|x86
	EndGlobalSection
	GlobalSection(ProjectConfigurationPlatforms) = postSolution
		{55ACB0D4-113A-4F71-A1A4-270D0BA8AC93}.Ad-Hoc|Any CPU.ActiveCfg = Release|Any CPU
		{55ACB0D4-113A-4F71-A1A4-270D0BA8AC93}.Ad-Hoc|Any CPU.Build.0 = Release|Any CPU
		{55ACB0D4-113A-4F71-A1A4-270D0BA8AC93}.Ad-Hoc|Any CPU.Deploy.0 = Release|Any CPU
		{55ACB0D4-113A-4F71-A1A4-270D0BA8AC93}.Ad-Hoc|ARM.ActiveCfg = Release|Any CPU
		{55ACB0D4-113A-4F71-A1A4-270D0BA8AC93}.Ad-Hoc|ARM.Build.0 = Release|Any CPU
		{55ACB0D4-113A-4F71-A1A4-270D0BA8AC93}.Ad-Hoc|ARM.Deploy.0 = Release|Any CPU
		{55ACB0D4-113A-4F71-A1A4-270D0BA8AC93}.Ad-Hoc|iPhone.ActiveCfg = Release|Any CPU
		{55ACB0D4-113A-4F71-A1A4-270D0BA8AC93}.Ad-Hoc|iPhone.Build.0 = Release|Any CPU
		{55ACB0D4-113A-4F71-A1A4-270D0BA8AC93}.Ad-Hoc|iPhone.Deploy.0 = Release|Any CPU
		{55ACB0D4-113A-4F71-A1A4-270D0BA8AC93}.Ad-Hoc|iPhoneSimulator.ActiveCfg = Release|Any CPU
		{55ACB0D4-113A-4F71-A1A4-270D0BA8AC93}.Ad-Hoc|iPhoneSimulator.Build.0 = Release|Any CPU
		{55ACB0D4-113A-4F71-A1A4-270D0BA8AC93}.Ad-Hoc|iPhoneSimulator.Deploy.0 = Release|Any CPU
		{55ACB0D4-113A-4F71-A1A4-270D0BA8AC93}.Ad-Hoc|Mixed Platforms.ActiveCfg = Debug|Any CPU
		{55ACB0D4-113A-4F71-A1A4-270D0BA8AC93}.Ad-Hoc|Mixed Platforms.Build.0 = Debug|Any CPU
		{55ACB0D4-113A-4F71-A1A4-270D0BA8AC93}.Ad-Hoc|Mixed Platforms.Deploy.0 = Debug|Any CPU
		{55ACB0D4-113A-4F71-A1A4-270D0BA8AC93}.Ad-Hoc|x64.ActiveCfg = Release|Any CPU
		{55ACB0D4-113A-4F71-A1A4-270D0BA8AC93}.Ad-Hoc|x64.Build.0 = Release|Any CPU
		{55ACB0D4-113A-4F71-A1A4-270D0BA8AC93}.Ad-Hoc|x64.Deploy.0 = Release|Any CPU
		{55ACB0D4-113A-4F71-A1A4-270D0BA8AC93}.Ad-Hoc|x86.ActiveCfg = Release|Any CPU
		{55ACB0D4-113A-4F71-A1A4-270D0BA8AC93}.Ad-Hoc|x86.Build.0 = Release|Any CPU
		{55ACB0D4-113A-4F71-A1A4-270D0BA8AC93}.Ad-Hoc|x86.Deploy.0 = Release|Any CPU
		{55ACB0D4-113A-4F71-A1A4-270D0BA8AC93}.AppStore|Any CPU.ActiveCfg = Release|Any CPU
		{55ACB0D4-113A-4F71-A1A4-270D0BA8AC93}.AppStore|Any CPU.Build.0 = Release|Any CPU
		{55ACB0D4-113A-4F71-A1A4-270D0BA8AC93}.AppStore|Any CPU.Deploy.0 = Release|Any CPU
		{55ACB0D4-113A-4F71-A1A4-270D0BA8AC93}.AppStore|ARM.ActiveCfg = Release|Any CPU
		{55ACB0D4-113A-4F71-A1A4-270D0BA8AC93}.AppStore|ARM.Build.0 = Release|Any CPU
		{55ACB0D4-113A-4F71-A1A4-270D0BA8AC93}.AppStore|ARM.Deploy.0 = Release|Any CPU
		{55ACB0D4-113A-4F71-A1A4-270D0BA8AC93}.AppStore|iPhone.ActiveCfg = Release|Any CPU
		{55ACB0D4-113A-4F71-A1A4-270D0BA8AC93}.AppStore|iPhone.Build.0 = Release|Any CPU
		{55ACB0D4-113A-4F71-A1A4-270D0BA8AC93}.AppStore|iPhone.Deploy.0 = Release|Any CPU
		{55ACB0D4-113A-4F71-A1A4-270D0BA8AC93}.AppStore|iPhoneSimulator.ActiveCfg = Release|Any CPU
		{55ACB0D4-113A-4F71-A1A4-270D0BA8AC93}.AppStore|iPhoneSimulator.Build.0 = Release|Any CPU
		{55ACB0D4-113A-4F71-A1A4-270D0BA8AC93}.AppStore|iPhoneSimulator.Deploy.0 = Release|Any CPU
		{55ACB0D4-113A-4F71-A1A4-270D0BA8AC93}.AppStore|Mixed Platforms.ActiveCfg = Debug|Any CPU
		{55ACB0D4-113A-4F71-A1A4-270D0BA8AC93}.AppStore|Mixed Platforms.Build.0 = Debug|Any CPU
		{55ACB0D4-113A-4F71-A1A4-270D0BA8AC93}.AppStore|Mixed Platforms.Deploy.0 = Debug|Any CPU
		{55ACB0D4-113A-4F71-A1A4-270D0BA8AC93}.AppStore|x64.ActiveCfg = Release|Any CPU
		{55ACB0D4-113A-4F71-A1A4-270D0BA8AC93}.AppStore|x64.Build.0 = Release|Any CPU
		{55ACB0D4-113A-4F71-A1A4-270D0BA8AC93}.AppStore|x64.Deploy.0 = Release|Any CPU
		{55ACB0D4-113A-4F71-A1A4-270D0BA8AC93}.AppStore|x86.ActiveCfg = Release|Any CPU
		{55ACB0D4-113A-4F71-A1A4-270D0BA8AC93}.AppStore|x86.Build.0 = Release|Any CPU
		{55ACB0D4-113A-4F71-A1A4-270D0BA8AC93}.AppStore|x86.Deploy.0 = Release|Any CPU
		{55ACB0D4-113A-4F71-A1A4-270D0BA8AC93}.Debug|Any CPU.ActiveCfg = Debug|Any CPU
		{55ACB0D4-113A-4F71-A1A4-270D0BA8AC93}.Debug|Any CPU.Build.0 = Debug|Any CPU
		{55ACB0D4-113A-4F71-A1A4-270D0BA8AC93}.Debug|Any CPU.Deploy.0 = Debug|Any CPU
		{55ACB0D4-113A-4F71-A1A4-270D0BA8AC93}.Debug|ARM.ActiveCfg = Debug|Any CPU
		{55ACB0D4-113A-4F71-A1A4-270D0BA8AC93}.Debug|ARM.Build.0 = Debug|Any CPU
		{55ACB0D4-113A-4F71-A1A4-270D0BA8AC93}.Debug|ARM.Deploy.0 = Debug|Any CPU
		{55ACB0D4-113A-4F71-A1A4-270D0BA8AC93}.Debug|iPhone.ActiveCfg = Debug|Any CPU
		{55ACB0D4-113A-4F71-A1A4-270D0BA8AC93}.Debug|iPhone.Build.0 = Debug|Any CPU
		{55ACB0D4-113A-4F71-A1A4-270D0BA8AC93}.Debug|iPhone.Deploy.0 = Debug|Any CPU
		{55ACB0D4-113A-4F71-A1A4-270D0BA8AC93}.Debug|iPhoneSimulator.ActiveCfg = Debug|Any CPU
		{55ACB0D4-113A-4F71-A1A4-270D0BA8AC93}.Debug|iPhoneSimulator.Build.0 = Debug|Any CPU
		{55ACB0D4-113A-4F71-A1A4-270D0BA8AC93}.Debug|iPhoneSimulator.Deploy.0 = Debug|Any CPU
		{55ACB0D4-113A-4F71-A1A4-270D0BA8AC93}.Debug|Mixed Platforms.ActiveCfg = Debug|Any CPU
		{55ACB0D4-113A-4F71-A1A4-270D0BA8AC93}.Debug|Mixed Platforms.Build.0 = Debug|Any CPU
		{55ACB0D4-113A-4F71-A1A4-270D0BA8AC93}.Debug|Mixed Platforms.Deploy.0 = Debug|Any CPU
		{55ACB0D4-113A-4F71-A1A4-270D0BA8AC93}.Debug|x64.ActiveCfg = Debug|Any CPU
		{55ACB0D4-113A-4F71-A1A4-270D0BA8AC93}.Debug|x64.Build.0 = Debug|Any CPU
		{55ACB0D4-113A-4F71-A1A4-270D0BA8AC93}.Debug|x64.Deploy.0 = Debug|Any CPU
		{55ACB0D4-113A-4F71-A1A4-270D0BA8AC93}.Debug|x86.ActiveCfg = Debug|Any CPU
		{55ACB0D4-113A-4F71-A1A4-270D0BA8AC93}.Debug|x86.Build.0 = Debug|Any CPU
		{55ACB0D4-113A-4F71-A1A4-270D0BA8AC93}.Debug|x86.Deploy.0 = Debug|Any CPU
		{55ACB0D4-113A-4F71-A1A4-270D0BA8AC93}.Release|Any CPU.ActiveCfg = Release|Any CPU
		{55ACB0D4-113A-4F71-A1A4-270D0BA8AC93}.Release|Any CPU.Build.0 = Release|Any CPU
		{55ACB0D4-113A-4F71-A1A4-270D0BA8AC93}.Release|Any CPU.Deploy.0 = Release|Any CPU
		{55ACB0D4-113A-4F71-A1A4-270D0BA8AC93}.Release|ARM.ActiveCfg = Release|Any CPU
		{55ACB0D4-113A-4F71-A1A4-270D0BA8AC93}.Release|ARM.Build.0 = Release|Any CPU
		{55ACB0D4-113A-4F71-A1A4-270D0BA8AC93}.Release|ARM.Deploy.0 = Release|Any CPU
		{55ACB0D4-113A-4F71-A1A4-270D0BA8AC93}.Release|iPhone.ActiveCfg = Release|Any CPU
		{55ACB0D4-113A-4F71-A1A4-270D0BA8AC93}.Release|iPhone.Build.0 = Release|Any CPU
		{55ACB0D4-113A-4F71-A1A4-270D0BA8AC93}.Release|iPhone.Deploy.0 = Release|Any CPU
		{55ACB0D4-113A-4F71-A1A4-270D0BA8AC93}.Release|iPhoneSimulator.ActiveCfg = Release|Any CPU
		{55ACB0D4-113A-4F71-A1A4-270D0BA8AC93}.Release|iPhoneSimulator.Build.0 = Release|Any CPU
		{55ACB0D4-113A-4F71-A1A4-270D0BA8AC93}.Release|iPhoneSimulator.Deploy.0 = Release|Any CPU
		{55ACB0D4-113A-4F71-A1A4-270D0BA8AC93}.Release|Mixed Platforms.ActiveCfg = Release|Any CPU
		{55ACB0D4-113A-4F71-A1A4-270D0BA8AC93}.Release|Mixed Platforms.Build.0 = Release|Any CPU
		{55ACB0D4-113A-4F71-A1A4-270D0BA8AC93}.Release|Mixed Platforms.Deploy.0 = Release|Any CPU
		{55ACB0D4-113A-4F71-A1A4-270D0BA8AC93}.Release|x64.ActiveCfg = Release|Any CPU
		{55ACB0D4-113A-4F71-A1A4-270D0BA8AC93}.Release|x64.Build.0 = Release|Any CPU
		{55ACB0D4-113A-4F71-A1A4-270D0BA8AC93}.Release|x64.Deploy.0 = Release|Any CPU
		{55ACB0D4-113A-4F71-A1A4-270D0BA8AC93}.Release|x86.ActiveCfg = Release|Any CPU
		{55ACB0D4-113A-4F71-A1A4-270D0BA8AC93}.Release|x86.Build.0 = Release|Any CPU
		{55ACB0D4-113A-4F71-A1A4-270D0BA8AC93}.Release|x86.Deploy.0 = Release|Any CPU
		{8B0A701B-BC8C-47D6-ADB4-D3BB45AFF9B5}.Ad-Hoc|Any CPU.ActiveCfg = Ad-Hoc|iPhone
		{8B0A701B-BC8C-47D6-ADB4-D3BB45AFF9B5}.Ad-Hoc|ARM.ActiveCfg = Ad-Hoc|iPhone
		{8B0A701B-BC8C-47D6-ADB4-D3BB45AFF9B5}.Ad-Hoc|iPhone.ActiveCfg = Ad-Hoc|iPhone
		{8B0A701B-BC8C-47D6-ADB4-D3BB45AFF9B5}.Ad-Hoc|iPhone.Build.0 = Ad-Hoc|iPhone
		{8B0A701B-BC8C-47D6-ADB4-D3BB45AFF9B5}.Ad-Hoc|iPhoneSimulator.ActiveCfg = Ad-Hoc|iPhoneSimulator
		{8B0A701B-BC8C-47D6-ADB4-D3BB45AFF9B5}.Ad-Hoc|iPhoneSimulator.Build.0 = Ad-Hoc|iPhoneSimulator
		{8B0A701B-BC8C-47D6-ADB4-D3BB45AFF9B5}.Ad-Hoc|Mixed Platforms.ActiveCfg = Ad-Hoc|iPhoneSimulator
		{8B0A701B-BC8C-47D6-ADB4-D3BB45AFF9B5}.Ad-Hoc|Mixed Platforms.Build.0 = Ad-Hoc|iPhoneSimulator
		{8B0A701B-BC8C-47D6-ADB4-D3BB45AFF9B5}.Ad-Hoc|x64.ActiveCfg = Ad-Hoc|iPhone
		{8B0A701B-BC8C-47D6-ADB4-D3BB45AFF9B5}.Ad-Hoc|x86.ActiveCfg = Ad-Hoc|iPhone
		{8B0A701B-BC8C-47D6-ADB4-D3BB45AFF9B5}.AppStore|Any CPU.ActiveCfg = AppStore|iPhone
		{8B0A701B-BC8C-47D6-ADB4-D3BB45AFF9B5}.AppStore|ARM.ActiveCfg = AppStore|iPhone
		{8B0A701B-BC8C-47D6-ADB4-D3BB45AFF9B5}.AppStore|iPhone.ActiveCfg = AppStore|iPhone
		{8B0A701B-BC8C-47D6-ADB4-D3BB45AFF9B5}.AppStore|iPhone.Build.0 = AppStore|iPhone
		{8B0A701B-BC8C-47D6-ADB4-D3BB45AFF9B5}.AppStore|iPhoneSimulator.ActiveCfg = AppStore|iPhoneSimulator
		{8B0A701B-BC8C-47D6-ADB4-D3BB45AFF9B5}.AppStore|iPhoneSimulator.Build.0 = AppStore|iPhoneSimulator
		{8B0A701B-BC8C-47D6-ADB4-D3BB45AFF9B5}.AppStore|Mixed Platforms.ActiveCfg = AppStore|iPhoneSimulator
		{8B0A701B-BC8C-47D6-ADB4-D3BB45AFF9B5}.AppStore|Mixed Platforms.Build.0 = AppStore|iPhoneSimulator
		{8B0A701B-BC8C-47D6-ADB4-D3BB45AFF9B5}.AppStore|x64.ActiveCfg = AppStore|iPhone
		{8B0A701B-BC8C-47D6-ADB4-D3BB45AFF9B5}.AppStore|x86.ActiveCfg = AppStore|iPhone
		{8B0A701B-BC8C-47D6-ADB4-D3BB45AFF9B5}.Debug|Any CPU.ActiveCfg = Debug|iPhone
		{8B0A701B-BC8C-47D6-ADB4-D3BB45AFF9B5}.Debug|ARM.ActiveCfg = Debug|iPhone
		{8B0A701B-BC8C-47D6-ADB4-D3BB45AFF9B5}.Debug|iPhone.ActiveCfg = Debug|iPhone
		{8B0A701B-BC8C-47D6-ADB4-D3BB45AFF9B5}.Debug|iPhone.Build.0 = Debug|iPhone
		{8B0A701B-BC8C-47D6-ADB4-D3BB45AFF9B5}.Debug|iPhoneSimulator.ActiveCfg = Debug|iPhoneSimulator
		{8B0A701B-BC8C-47D6-ADB4-D3BB45AFF9B5}.Debug|iPhoneSimulator.Build.0 = Debug|iPhoneSimulator
		{8B0A701B-BC8C-47D6-ADB4-D3BB45AFF9B5}.Debug|Mixed Platforms.ActiveCfg = Debug|iPhoneSimulator
		{8B0A701B-BC8C-47D6-ADB4-D3BB45AFF9B5}.Debug|Mixed Platforms.Build.0 = Debug|iPhoneSimulator
		{8B0A701B-BC8C-47D6-ADB4-D3BB45AFF9B5}.Debug|x64.ActiveCfg = Debug|iPhone
		{8B0A701B-BC8C-47D6-ADB4-D3BB45AFF9B5}.Debug|x86.ActiveCfg = Debug|iPhone
		{8B0A701B-BC8C-47D6-ADB4-D3BB45AFF9B5}.Release|Any CPU.ActiveCfg = Release|iPhone
		{8B0A701B-BC8C-47D6-ADB4-D3BB45AFF9B5}.Release|ARM.ActiveCfg = Release|iPhone
		{8B0A701B-BC8C-47D6-ADB4-D3BB45AFF9B5}.Release|iPhone.ActiveCfg = Release|iPhone
		{8B0A701B-BC8C-47D6-ADB4-D3BB45AFF9B5}.Release|iPhone.Build.0 = Release|iPhone
		{8B0A701B-BC8C-47D6-ADB4-D3BB45AFF9B5}.Release|iPhoneSimulator.ActiveCfg = Release|iPhoneSimulator
		{8B0A701B-BC8C-47D6-ADB4-D3BB45AFF9B5}.Release|iPhoneSimulator.Build.0 = Release|iPhoneSimulator
		{8B0A701B-BC8C-47D6-ADB4-D3BB45AFF9B5}.Release|Mixed Platforms.ActiveCfg = Release|iPhoneSimulator
		{8B0A701B-BC8C-47D6-ADB4-D3BB45AFF9B5}.Release|Mixed Platforms.Build.0 = Release|iPhoneSimulator
		{8B0A701B-BC8C-47D6-ADB4-D3BB45AFF9B5}.Release|x64.ActiveCfg = Release|iPhone
		{8B0A701B-BC8C-47D6-ADB4-D3BB45AFF9B5}.Release|x86.ActiveCfg = Release|iPhone
		{B6D21815-9B03-45C4-9836-9B5FE23A32B9}.Ad-Hoc|Any CPU.ActiveCfg = Release|Any CPU
		{B6D21815-9B03-45C4-9836-9B5FE23A32B9}.Ad-Hoc|Any CPU.Build.0 = Release|Any CPU
		{B6D21815-9B03-45C4-9836-9B5FE23A32B9}.Ad-Hoc|ARM.ActiveCfg = Release|Any CPU
		{B6D21815-9B03-45C4-9836-9B5FE23A32B9}.Ad-Hoc|ARM.Build.0 = Release|Any CPU
		{B6D21815-9B03-45C4-9836-9B5FE23A32B9}.Ad-Hoc|iPhone.ActiveCfg = Release|Any CPU
		{B6D21815-9B03-45C4-9836-9B5FE23A32B9}.Ad-Hoc|iPhone.Build.0 = Release|Any CPU
		{B6D21815-9B03-45C4-9836-9B5FE23A32B9}.Ad-Hoc|iPhoneSimulator.ActiveCfg = Release|Any CPU
		{B6D21815-9B03-45C4-9836-9B5FE23A32B9}.Ad-Hoc|iPhoneSimulator.Build.0 = Release|Any CPU
		{B6D21815-9B03-45C4-9836-9B5FE23A32B9}.Ad-Hoc|Mixed Platforms.ActiveCfg = Debug|Any CPU
		{B6D21815-9B03-45C4-9836-9B5FE23A32B9}.Ad-Hoc|Mixed Platforms.Build.0 = Debug|Any CPU
		{B6D21815-9B03-45C4-9836-9B5FE23A32B9}.Ad-Hoc|x64.ActiveCfg = Release|Any CPU
		{B6D21815-9B03-45C4-9836-9B5FE23A32B9}.Ad-Hoc|x64.Build.0 = Release|Any CPU
		{B6D21815-9B03-45C4-9836-9B5FE23A32B9}.Ad-Hoc|x86.ActiveCfg = Release|Any CPU
		{B6D21815-9B03-45C4-9836-9B5FE23A32B9}.Ad-Hoc|x86.Build.0 = Release|Any CPU
		{B6D21815-9B03-45C4-9836-9B5FE23A32B9}.AppStore|Any CPU.ActiveCfg = Release|Any CPU
		{B6D21815-9B03-45C4-9836-9B5FE23A32B9}.AppStore|Any CPU.Build.0 = Release|Any CPU
		{B6D21815-9B03-45C4-9836-9B5FE23A32B9}.AppStore|ARM.ActiveCfg = Release|Any CPU
		{B6D21815-9B03-45C4-9836-9B5FE23A32B9}.AppStore|ARM.Build.0 = Release|Any CPU
		{B6D21815-9B03-45C4-9836-9B5FE23A32B9}.AppStore|iPhone.ActiveCfg = Release|Any CPU
		{B6D21815-9B03-45C4-9836-9B5FE23A32B9}.AppStore|iPhone.Build.0 = Release|Any CPU
		{B6D21815-9B03-45C4-9836-9B5FE23A32B9}.AppStore|iPhoneSimulator.ActiveCfg = Release|Any CPU
		{B6D21815-9B03-45C4-9836-9B5FE23A32B9}.AppStore|iPhoneSimulator.Build.0 = Release|Any CPU
		{B6D21815-9B03-45C4-9836-9B5FE23A32B9}.AppStore|Mixed Platforms.ActiveCfg = Debug|Any CPU
		{B6D21815-9B03-45C4-9836-9B5FE23A32B9}.AppStore|Mixed Platforms.Build.0 = Debug|Any CPU
		{B6D21815-9B03-45C4-9836-9B5FE23A32B9}.AppStore|x64.ActiveCfg = Release|Any CPU
		{B6D21815-9B03-45C4-9836-9B5FE23A32B9}.AppStore|x64.Build.0 = Release|Any CPU
		{B6D21815-9B03-45C4-9836-9B5FE23A32B9}.AppStore|x86.ActiveCfg = Release|Any CPU
		{B6D21815-9B03-45C4-9836-9B5FE23A32B9}.AppStore|x86.Build.0 = Release|Any CPU
		{B6D21815-9B03-45C4-9836-9B5FE23A32B9}.Debug|Any CPU.ActiveCfg = Debug|Any CPU
		{B6D21815-9B03-45C4-9836-9B5FE23A32B9}.Debug|Any CPU.Build.0 = Debug|Any CPU
		{B6D21815-9B03-45C4-9836-9B5FE23A32B9}.Debug|ARM.ActiveCfg = Debug|Any CPU
		{B6D21815-9B03-45C4-9836-9B5FE23A32B9}.Debug|ARM.Build.0 = Debug|Any CPU
		{B6D21815-9B03-45C4-9836-9B5FE23A32B9}.Debug|iPhone.ActiveCfg = Debug|Any CPU
		{B6D21815-9B03-45C4-9836-9B5FE23A32B9}.Debug|iPhone.Build.0 = Debug|Any CPU
		{B6D21815-9B03-45C4-9836-9B5FE23A32B9}.Debug|iPhoneSimulator.ActiveCfg = Debug|Any CPU
		{B6D21815-9B03-45C4-9836-9B5FE23A32B9}.Debug|iPhoneSimulator.Build.0 = Debug|Any CPU
		{B6D21815-9B03-45C4-9836-9B5FE23A32B9}.Debug|Mixed Platforms.ActiveCfg = Debug|Any CPU
		{B6D21815-9B03-45C4-9836-9B5FE23A32B9}.Debug|Mixed Platforms.Build.0 = Debug|Any CPU
		{B6D21815-9B03-45C4-9836-9B5FE23A32B9}.Debug|x64.ActiveCfg = Debug|Any CPU
		{B6D21815-9B03-45C4-9836-9B5FE23A32B9}.Debug|x64.Build.0 = Debug|Any CPU
		{B6D21815-9B03-45C4-9836-9B5FE23A32B9}.Debug|x86.ActiveCfg = Debug|Any CPU
		{B6D21815-9B03-45C4-9836-9B5FE23A32B9}.Debug|x86.Build.0 = Debug|Any CPU
		{B6D21815-9B03-45C4-9836-9B5FE23A32B9}.Release|Any CPU.ActiveCfg = Release|Any CPU
		{B6D21815-9B03-45C4-9836-9B5FE23A32B9}.Release|Any CPU.Build.0 = Release|Any CPU
		{B6D21815-9B03-45C4-9836-9B5FE23A32B9}.Release|ARM.ActiveCfg = Release|Any CPU
		{B6D21815-9B03-45C4-9836-9B5FE23A32B9}.Release|ARM.Build.0 = Release|Any CPU
		{B6D21815-9B03-45C4-9836-9B5FE23A32B9}.Release|iPhone.ActiveCfg = Release|Any CPU
		{B6D21815-9B03-45C4-9836-9B5FE23A32B9}.Release|iPhone.Build.0 = Release|Any CPU
		{B6D21815-9B03-45C4-9836-9B5FE23A32B9}.Release|iPhoneSimulator.ActiveCfg = Release|Any CPU
		{B6D21815-9B03-45C4-9836-9B5FE23A32B9}.Release|iPhoneSimulator.Build.0 = Release|Any CPU
		{B6D21815-9B03-45C4-9836-9B5FE23A32B9}.Release|Mixed Platforms.ActiveCfg = Release|Any CPU
		{B6D21815-9B03-45C4-9836-9B5FE23A32B9}.Release|Mixed Platforms.Build.0 = Release|Any CPU
		{B6D21815-9B03-45C4-9836-9B5FE23A32B9}.Release|x64.ActiveCfg = Release|Any CPU
		{B6D21815-9B03-45C4-9836-9B5FE23A32B9}.Release|x64.Build.0 = Release|Any CPU
		{B6D21815-9B03-45C4-9836-9B5FE23A32B9}.Release|x86.ActiveCfg = Release|Any CPU
		{B6D21815-9B03-45C4-9836-9B5FE23A32B9}.Release|x86.Build.0 = Release|Any CPU
		{B793D64E-08D2-4D83-8B26-AB6D9CD2B78E}.Ad-Hoc|Any CPU.ActiveCfg = Release|Any CPU
		{B793D64E-08D2-4D83-8B26-AB6D9CD2B78E}.Ad-Hoc|Any CPU.Build.0 = Release|Any CPU
		{B793D64E-08D2-4D83-8B26-AB6D9CD2B78E}.Ad-Hoc|Any CPU.Deploy.0 = Release|Any CPU
		{B793D64E-08D2-4D83-8B26-AB6D9CD2B78E}.Ad-Hoc|ARM.ActiveCfg = Release|ARM
		{B793D64E-08D2-4D83-8B26-AB6D9CD2B78E}.Ad-Hoc|ARM.Build.0 = Release|ARM
		{B793D64E-08D2-4D83-8B26-AB6D9CD2B78E}.Ad-Hoc|ARM.Deploy.0 = Release|ARM
		{B793D64E-08D2-4D83-8B26-AB6D9CD2B78E}.Ad-Hoc|iPhone.ActiveCfg = Release|Any CPU
		{B793D64E-08D2-4D83-8B26-AB6D9CD2B78E}.Ad-Hoc|iPhoneSimulator.ActiveCfg = Release|Any CPU
		{B793D64E-08D2-4D83-8B26-AB6D9CD2B78E}.Ad-Hoc|Mixed Platforms.ActiveCfg = Release|x86
		{B793D64E-08D2-4D83-8B26-AB6D9CD2B78E}.Ad-Hoc|Mixed Platforms.Build.0 = Release|x86
		{B793D64E-08D2-4D83-8B26-AB6D9CD2B78E}.Ad-Hoc|Mixed Platforms.Deploy.0 = Release|x86
		{B793D64E-08D2-4D83-8B26-AB6D9CD2B78E}.Ad-Hoc|x64.ActiveCfg = Release|Any CPU
		{B793D64E-08D2-4D83-8B26-AB6D9CD2B78E}.Ad-Hoc|x86.ActiveCfg = Release|x86
		{B793D64E-08D2-4D83-8B26-AB6D9CD2B78E}.Ad-Hoc|x86.Build.0 = Release|x86
		{B793D64E-08D2-4D83-8B26-AB6D9CD2B78E}.Ad-Hoc|x86.Deploy.0 = Release|x86
		{B793D64E-08D2-4D83-8B26-AB6D9CD2B78E}.AppStore|Any CPU.ActiveCfg = Release|Any CPU
		{B793D64E-08D2-4D83-8B26-AB6D9CD2B78E}.AppStore|Any CPU.Build.0 = Release|Any CPU
		{B793D64E-08D2-4D83-8B26-AB6D9CD2B78E}.AppStore|Any CPU.Deploy.0 = Release|Any CPU
		{B793D64E-08D2-4D83-8B26-AB6D9CD2B78E}.AppStore|ARM.ActiveCfg = Release|ARM
		{B793D64E-08D2-4D83-8B26-AB6D9CD2B78E}.AppStore|ARM.Build.0 = Release|ARM
		{B793D64E-08D2-4D83-8B26-AB6D9CD2B78E}.AppStore|ARM.Deploy.0 = Release|ARM
		{B793D64E-08D2-4D83-8B26-AB6D9CD2B78E}.AppStore|iPhone.ActiveCfg = Release|Any CPU
		{B793D64E-08D2-4D83-8B26-AB6D9CD2B78E}.AppStore|iPhoneSimulator.ActiveCfg = Release|Any CPU
		{B793D64E-08D2-4D83-8B26-AB6D9CD2B78E}.AppStore|Mixed Platforms.ActiveCfg = Release|x86
		{B793D64E-08D2-4D83-8B26-AB6D9CD2B78E}.AppStore|Mixed Platforms.Build.0 = Release|x86
		{B793D64E-08D2-4D83-8B26-AB6D9CD2B78E}.AppStore|Mixed Platforms.Deploy.0 = Release|x86
		{B793D64E-08D2-4D83-8B26-AB6D9CD2B78E}.AppStore|x64.ActiveCfg = Release|Any CPU
		{B793D64E-08D2-4D83-8B26-AB6D9CD2B78E}.AppStore|x86.ActiveCfg = Release|x86
		{B793D64E-08D2-4D83-8B26-AB6D9CD2B78E}.AppStore|x86.Build.0 = Release|x86
		{B793D64E-08D2-4D83-8B26-AB6D9CD2B78E}.AppStore|x86.Deploy.0 = Release|x86
		{B793D64E-08D2-4D83-8B26-AB6D9CD2B78E}.Debug|Any CPU.ActiveCfg = Debug|Any CPU
		{B793D64E-08D2-4D83-8B26-AB6D9CD2B78E}.Debug|Any CPU.Build.0 = Debug|Any CPU
		{B793D64E-08D2-4D83-8B26-AB6D9CD2B78E}.Debug|Any CPU.Deploy.0 = Debug|Any CPU
		{B793D64E-08D2-4D83-8B26-AB6D9CD2B78E}.Debug|ARM.ActiveCfg = Debug|ARM
		{B793D64E-08D2-4D83-8B26-AB6D9CD2B78E}.Debug|ARM.Build.0 = Debug|ARM
		{B793D64E-08D2-4D83-8B26-AB6D9CD2B78E}.Debug|ARM.Deploy.0 = Debug|ARM
		{B793D64E-08D2-4D83-8B26-AB6D9CD2B78E}.Debug|iPhone.ActiveCfg = Debug|Any CPU
		{B793D64E-08D2-4D83-8B26-AB6D9CD2B78E}.Debug|iPhoneSimulator.ActiveCfg = Debug|Any CPU
		{B793D64E-08D2-4D83-8B26-AB6D9CD2B78E}.Debug|Mixed Platforms.ActiveCfg = Debug|x86
		{B793D64E-08D2-4D83-8B26-AB6D9CD2B78E}.Debug|Mixed Platforms.Build.0 = Debug|x86
		{B793D64E-08D2-4D83-8B26-AB6D9CD2B78E}.Debug|Mixed Platforms.Deploy.0 = Debug|x86
		{B793D64E-08D2-4D83-8B26-AB6D9CD2B78E}.Debug|x64.ActiveCfg = Debug|Any CPU
		{B793D64E-08D2-4D83-8B26-AB6D9CD2B78E}.Debug|x86.ActiveCfg = Debug|Any CPU
		{B793D64E-08D2-4D83-8B26-AB6D9CD2B78E}.Debug|x86.Build.0 = Debug|Any CPU
		{B793D64E-08D2-4D83-8B26-AB6D9CD2B78E}.Debug|x86.Deploy.0 = Debug|Any CPU
		{B793D64E-08D2-4D83-8B26-AB6D9CD2B78E}.Release|Any CPU.ActiveCfg = Release|Any CPU
		{B793D64E-08D2-4D83-8B26-AB6D9CD2B78E}.Release|Any CPU.Build.0 = Release|Any CPU
		{B793D64E-08D2-4D83-8B26-AB6D9CD2B78E}.Release|Any CPU.Deploy.0 = Release|Any CPU
		{B793D64E-08D2-4D83-8B26-AB6D9CD2B78E}.Release|ARM.ActiveCfg = Release|ARM
		{B793D64E-08D2-4D83-8B26-AB6D9CD2B78E}.Release|ARM.Build.0 = Release|ARM
		{B793D64E-08D2-4D83-8B26-AB6D9CD2B78E}.Release|ARM.Deploy.0 = Release|ARM
		{B793D64E-08D2-4D83-8B26-AB6D9CD2B78E}.Release|iPhone.ActiveCfg = Release|Any CPU
		{B793D64E-08D2-4D83-8B26-AB6D9CD2B78E}.Release|iPhoneSimulator.ActiveCfg = Release|Any CPU
		{B793D64E-08D2-4D83-8B26-AB6D9CD2B78E}.Release|Mixed Platforms.ActiveCfg = Release|x86
		{B793D64E-08D2-4D83-8B26-AB6D9CD2B78E}.Release|Mixed Platforms.Build.0 = Release|x86
		{B793D64E-08D2-4D83-8B26-AB6D9CD2B78E}.Release|Mixed Platforms.Deploy.0 = Release|x86
		{B793D64E-08D2-4D83-8B26-AB6D9CD2B78E}.Release|x64.ActiveCfg = Release|Any CPU
		{B793D64E-08D2-4D83-8B26-AB6D9CD2B78E}.Release|x86.ActiveCfg = Release|x86
		{B793D64E-08D2-4D83-8B26-AB6D9CD2B78E}.Release|x86.Build.0 = Release|x86
		{B793D64E-08D2-4D83-8B26-AB6D9CD2B78E}.Release|x86.Deploy.0 = Release|x86
		{5CCA3023-0ACA-48D2-A230-87A28357642B}.Ad-Hoc|Any CPU.ActiveCfg = Release|Any CPU
		{5CCA3023-0ACA-48D2-A230-87A28357642B}.Ad-Hoc|Any CPU.Build.0 = Release|Any CPU
		{5CCA3023-0ACA-48D2-A230-87A28357642B}.Ad-Hoc|Any CPU.Deploy.0 = Release|Any CPU
		{5CCA3023-0ACA-48D2-A230-87A28357642B}.Ad-Hoc|ARM.ActiveCfg = Release|ARM
		{5CCA3023-0ACA-48D2-A230-87A28357642B}.Ad-Hoc|ARM.Build.0 = Release|ARM
		{5CCA3023-0ACA-48D2-A230-87A28357642B}.Ad-Hoc|ARM.Deploy.0 = Release|ARM
		{5CCA3023-0ACA-48D2-A230-87A28357642B}.Ad-Hoc|iPhone.ActiveCfg = Release|Any CPU
		{5CCA3023-0ACA-48D2-A230-87A28357642B}.Ad-Hoc|iPhoneSimulator.ActiveCfg = Release|Any CPU
		{5CCA3023-0ACA-48D2-A230-87A28357642B}.Ad-Hoc|Mixed Platforms.ActiveCfg = Release|x86
		{5CCA3023-0ACA-48D2-A230-87A28357642B}.Ad-Hoc|Mixed Platforms.Build.0 = Release|x86
		{5CCA3023-0ACA-48D2-A230-87A28357642B}.Ad-Hoc|Mixed Platforms.Deploy.0 = Release|x86
		{5CCA3023-0ACA-48D2-A230-87A28357642B}.Ad-Hoc|x64.ActiveCfg = Release|Any CPU
		{5CCA3023-0ACA-48D2-A230-87A28357642B}.Ad-Hoc|x86.ActiveCfg = Release|x86
		{5CCA3023-0ACA-48D2-A230-87A28357642B}.Ad-Hoc|x86.Build.0 = Release|x86
		{5CCA3023-0ACA-48D2-A230-87A28357642B}.Ad-Hoc|x86.Deploy.0 = Release|x86
		{5CCA3023-0ACA-48D2-A230-87A28357642B}.AppStore|Any CPU.ActiveCfg = Release|Any CPU
		{5CCA3023-0ACA-48D2-A230-87A28357642B}.AppStore|Any CPU.Build.0 = Release|Any CPU
		{5CCA3023-0ACA-48D2-A230-87A28357642B}.AppStore|Any CPU.Deploy.0 = Release|Any CPU
		{5CCA3023-0ACA-48D2-A230-87A28357642B}.AppStore|ARM.ActiveCfg = Release|ARM
		{5CCA3023-0ACA-48D2-A230-87A28357642B}.AppStore|ARM.Build.0 = Release|ARM
		{5CCA3023-0ACA-48D2-A230-87A28357642B}.AppStore|ARM.Deploy.0 = Release|ARM
		{5CCA3023-0ACA-48D2-A230-87A28357642B}.AppStore|iPhone.ActiveCfg = Release|Any CPU
		{5CCA3023-0ACA-48D2-A230-87A28357642B}.AppStore|iPhoneSimulator.ActiveCfg = Release|Any CPU
		{5CCA3023-0ACA-48D2-A230-87A28357642B}.AppStore|Mixed Platforms.ActiveCfg = Release|x86
		{5CCA3023-0ACA-48D2-A230-87A28357642B}.AppStore|Mixed Platforms.Build.0 = Release|x86
		{5CCA3023-0ACA-48D2-A230-87A28357642B}.AppStore|Mixed Platforms.Deploy.0 = Release|x86
		{5CCA3023-0ACA-48D2-A230-87A28357642B}.AppStore|x64.ActiveCfg = Release|Any CPU
		{5CCA3023-0ACA-48D2-A230-87A28357642B}.AppStore|x86.ActiveCfg = Release|x86
		{5CCA3023-0ACA-48D2-A230-87A28357642B}.AppStore|x86.Build.0 = Release|x86
		{5CCA3023-0ACA-48D2-A230-87A28357642B}.AppStore|x86.Deploy.0 = Release|x86
		{5CCA3023-0ACA-48D2-A230-87A28357642B}.Debug|Any CPU.ActiveCfg = Debug|Any CPU
		{5CCA3023-0ACA-48D2-A230-87A28357642B}.Debug|Any CPU.Build.0 = Debug|Any CPU
		{5CCA3023-0ACA-48D2-A230-87A28357642B}.Debug|Any CPU.Deploy.0 = Debug|Any CPU
		{5CCA3023-0ACA-48D2-A230-87A28357642B}.Debug|ARM.ActiveCfg = Debug|ARM
		{5CCA3023-0ACA-48D2-A230-87A28357642B}.Debug|ARM.Build.0 = Debug|ARM
		{5CCA3023-0ACA-48D2-A230-87A28357642B}.Debug|ARM.Deploy.0 = Debug|ARM
		{5CCA3023-0ACA-48D2-A230-87A28357642B}.Debug|iPhone.ActiveCfg = Debug|Any CPU
		{5CCA3023-0ACA-48D2-A230-87A28357642B}.Debug|iPhoneSimulator.ActiveCfg = Debug|Any CPU
		{5CCA3023-0ACA-48D2-A230-87A28357642B}.Debug|Mixed Platforms.ActiveCfg = Debug|x86
		{5CCA3023-0ACA-48D2-A230-87A28357642B}.Debug|Mixed Platforms.Build.0 = Debug|x86
		{5CCA3023-0ACA-48D2-A230-87A28357642B}.Debug|Mixed Platforms.Deploy.0 = Debug|x86
		{5CCA3023-0ACA-48D2-A230-87A28357642B}.Debug|x64.ActiveCfg = Debug|Any CPU
		{5CCA3023-0ACA-48D2-A230-87A28357642B}.Debug|x86.ActiveCfg = Debug|x86
		{5CCA3023-0ACA-48D2-A230-87A28357642B}.Debug|x86.Build.0 = Debug|x86
		{5CCA3023-0ACA-48D2-A230-87A28357642B}.Debug|x86.Deploy.0 = Debug|x86
		{5CCA3023-0ACA-48D2-A230-87A28357642B}.Release|Any CPU.ActiveCfg = Release|Any CPU
		{5CCA3023-0ACA-48D2-A230-87A28357642B}.Release|Any CPU.Build.0 = Release|Any CPU
		{5CCA3023-0ACA-48D2-A230-87A28357642B}.Release|Any CPU.Deploy.0 = Release|Any CPU
		{5CCA3023-0ACA-48D2-A230-87A28357642B}.Release|ARM.ActiveCfg = Release|ARM
		{5CCA3023-0ACA-48D2-A230-87A28357642B}.Release|ARM.Build.0 = Release|ARM
		{5CCA3023-0ACA-48D2-A230-87A28357642B}.Release|ARM.Deploy.0 = Release|ARM
		{5CCA3023-0ACA-48D2-A230-87A28357642B}.Release|iPhone.ActiveCfg = Release|Any CPU
		{5CCA3023-0ACA-48D2-A230-87A28357642B}.Release|iPhoneSimulator.ActiveCfg = Release|Any CPU
		{5CCA3023-0ACA-48D2-A230-87A28357642B}.Release|Mixed Platforms.ActiveCfg = Release|x86
		{5CCA3023-0ACA-48D2-A230-87A28357642B}.Release|Mixed Platforms.Build.0 = Release|x86
		{5CCA3023-0ACA-48D2-A230-87A28357642B}.Release|Mixed Platforms.Deploy.0 = Release|x86
		{5CCA3023-0ACA-48D2-A230-87A28357642B}.Release|x64.ActiveCfg = Release|Any CPU
		{5CCA3023-0ACA-48D2-A230-87A28357642B}.Release|x86.ActiveCfg = Release|x86
		{5CCA3023-0ACA-48D2-A230-87A28357642B}.Release|x86.Build.0 = Release|x86
		{5CCA3023-0ACA-48D2-A230-87A28357642B}.Release|x86.Deploy.0 = Release|x86
	EndGlobalSection
	GlobalSection(SolutionProperties) = preSolution
		HideSolutionNode = FALSE
	EndGlobalSection
EndGlobal
